
Microsoft Visual Studio Solution File, Format Version 12.00
# Visual Studio Version 17
VisualStudioVersion = 17.10.34928.147
MinimumVisualStudioVersion = 10.0.40219.1
Project("{9A19103F-16F7-4668-BE54-9A1E7A4F7556}") = "AoC2023", "AoC2023\AoC2023.csproj", "{24CE5967-25EC-4768-B49F-C5D5C08C8168}"
EndProject
Project("{9A19103F-16F7-4668-BE54-9A1E7A4F7556}") = "Common", "Common\Common.csproj", "{A5F65911-78B4-47CF-AFC8-C3B0BBA6B568}"
EndProject
Project("{FAE04EC0-301F-11D3-BF4B-00C04F79EFBC}") = "AoC2024", "AoC2024\AoC2024.csproj", "{01CB4A4F-A432-4771-9F62-6641184AF0BC}"
EndProject
Global
	GlobalSection(SolutionConfigurationPlatforms) = preSolution
		Debug|Any CPU = Debug|Any CPU
		Release|Any CPU = Release|Any CPU
	EndGlobalSection
	GlobalSection(ProjectConfigurationPlatforms) = postSolution
		{24CE5967-25EC-4768-B49F-C5D5C08C8168}.Debug|Any CPU.ActiveCfg = Debug|Any CPU
		{24CE5967-25EC-4768-B49F-C5D5C08C8168}.Debug|Any CPU.Build.0 = Debug|Any CPU
		{24CE5967-25EC-4768-B49F-C5D5C08C8168}.Release|Any CPU.ActiveCfg = Release|Any CPU
		{24CE5967-25EC-4768-B49F-C5D5C08C8168}.Release|Any CPU.Build.0 = Release|Any CPU
		{A5F65911-78B4-47CF-AFC8-C3B0BBA6B568}.Debug|Any CPU.ActiveCfg = Debug|Any CPU
		{A5F65911-78B4-47CF-AFC8-C3B0BBA6B568}.Debug|Any CPU.Build.0 = Debug|Any CPU
		{A5F65911-78B4-47CF-AFC8-C3B0BBA6B568}.Release|Any CPU.ActiveCfg = Release|Any CPU
		{A5F65911-78B4-47CF-AFC8-C3B0BBA6B568}.Release|Any CPU.Build.0 = Release|Any CPU
		{01CB4A4F-A432-4771-9F62-6641184AF0BC}.Debug|Any CPU.ActiveCfg = Debug|Any CPU
		{01CB4A4F-A432-4771-9F62-6641184AF0BC}.Debug|Any CPU.Build.0 = Debug|Any CPU
		{01CB4A4F-A432-4771-9F62-6641184AF0BC}.Release|Any CPU.ActiveCfg = Release|Any CPU
		{01CB4A4F-A432-4771-9F62-6641184AF0BC}.Release|Any CPU.Build.0 = Release|Any CPU
	EndGlobalSection
	GlobalSection(SolutionProperties) = preSolution
		HideSolutionNode = FALSE
	EndGlobalSection
	GlobalSection(ExtensibilityGlobals) = postSolution
		SolutionGuid = {E767854D-5A87-486B-A518-3A2C7B75A412}
	EndGlobalSection
EndGlobal
