
Microsoft Visual Studio Solution File, Format Version 12.00
# Visual Studio 15
VisualStudioVersion = 15.0.27428.2043
MinimumVisualStudioVersion = 10.0.40219.1
Project("{FAE04EC0-301F-11D3-BF4B-00C04F79EFBC}") = "Day2", "Day2\Day2.csproj", "{CF07BF12-8000-4254-9522-AB211C07FC50}"
EndProject
Project("{FAE04EC0-301F-11D3-BF4B-00C04F79EFBC}") = "UnitTestProject1", "UnitTestProject1\UnitTestProject1.csproj", "{F4C8A9DF-70C2-495B-A3F3-5B36A2FAA5F7}"
EndProject
Project("{FAE04EC0-301F-11D3-BF4B-00C04F79EFBC}") = "Day3", "Day3\Day3.csproj", "{44A42EFB-6CD8-4E43-B61C-BC41FB944F8B}"
EndProject
Project("{FAE04EC0-301F-11D3-BF4B-00C04F79EFBC}") = "Day5", "Day5\Day5.csproj", "{7D131547-B140-402B-97A6-2F45BED6468F}"
EndProject
Project("{FAE04EC0-301F-11D3-BF4B-00C04F79EFBC}") = "Day6", "Day6\Day6.csproj", "{DF26E045-7322-4119-A63B-4A5A1B3A8610}"
EndProject
Global
	GlobalSection(SolutionConfigurationPlatforms) = preSolution
		Debug|Any CPU = Debug|Any CPU
		Release|Any CPU = Release|Any CPU
	EndGlobalSection
	GlobalSection(ProjectConfigurationPlatforms) = postSolution
		{CF07BF12-8000-4254-9522-AB211C07FC50}.Debug|Any CPU.ActiveCfg = Debug|Any CPU
		{CF07BF12-8000-4254-9522-AB211C07FC50}.Debug|Any CPU.Build.0 = Debug|Any CPU
		{CF07BF12-8000-4254-9522-AB211C07FC50}.Release|Any CPU.ActiveCfg = Release|Any CPU
		{CF07BF12-8000-4254-9522-AB211C07FC50}.Release|Any CPU.Build.0 = Release|Any CPU
		{F4C8A9DF-70C2-495B-A3F3-5B36A2FAA5F7}.Debug|Any CPU.ActiveCfg = Debug|Any CPU
		{F4C8A9DF-70C2-495B-A3F3-5B36A2FAA5F7}.Debug|Any CPU.Build.0 = Debug|Any CPU
		{F4C8A9DF-70C2-495B-A3F3-5B36A2FAA5F7}.Release|Any CPU.ActiveCfg = Release|Any CPU
		{F4C8A9DF-70C2-495B-A3F3-5B36A2FAA5F7}.Release|Any CPU.Build.0 = Release|Any CPU
		{44A42EFB-6CD8-4E43-B61C-BC41FB944F8B}.Debug|Any CPU.ActiveCfg = Debug|Any CPU
		{44A42EFB-6CD8-4E43-B61C-BC41FB944F8B}.Debug|Any CPU.Build.0 = Debug|Any CPU
		{44A42EFB-6CD8-4E43-B61C-BC41FB944F8B}.Release|Any CPU.ActiveCfg = Release|Any CPU
		{44A42EFB-6CD8-4E43-B61C-BC41FB944F8B}.Release|Any CPU.Build.0 = Release|Any CPU
		{7D131547-B140-402B-97A6-2F45BED6468F}.Debug|Any CPU.ActiveCfg = Debug|Any CPU
		{7D131547-B140-402B-97A6-2F45BED6468F}.Debug|Any CPU.Build.0 = Debug|Any CPU
		{7D131547-B140-402B-97A6-2F45BED6468F}.Release|Any CPU.ActiveCfg = Release|Any CPU
		{7D131547-B140-402B-97A6-2F45BED6468F}.Release|Any CPU.Build.0 = Release|Any CPU
		{DF26E045-7322-4119-A63B-4A5A1B3A8610}.Debug|Any CPU.ActiveCfg = Debug|Any CPU
		{DF26E045-7322-4119-A63B-4A5A1B3A8610}.Debug|Any CPU.Build.0 = Debug|Any CPU
		{DF26E045-7322-4119-A63B-4A5A1B3A8610}.Release|Any CPU.ActiveCfg = Release|Any CPU
		{DF26E045-7322-4119-A63B-4A5A1B3A8610}.Release|Any CPU.Build.0 = Release|Any CPU
	EndGlobalSection
	GlobalSection(SolutionProperties) = preSolution
		HideSolutionNode = FALSE
	EndGlobalSection
	GlobalSection(ExtensibilityGlobals) = postSolution
		SolutionGuid = {962AECF7-1A84-4C0C-8F85-3AC17A9046EC}
	EndGlobalSection
EndGlobal
