
Microsoft Visual Studio Solution File, Format Version 12.00
# Visual Studio Version 16
VisualStudioVersion = 16.0.31613.86
MinimumVisualStudioVersion = 10.0.40219.1
Project("{FAE04EC0-301F-11D3-BF4B-00C04F79EFBC}") = "Day1_2020", "aoc-2020\Day1_2020.csproj", "{EB3399BA-3EA6-48F4-9EE5-8139C34A1D1A}"
EndProject
Project("{FAE04EC0-301F-11D3-BF4B-00C04F79EFBC}") = "Common", "Common\Common.csproj", "{38A27E60-826A-46F8-86D8-C337C1254DEC}"
EndProject
Project("{FAE04EC0-301F-11D3-BF4B-00C04F79EFBC}") = "Day2_2020", "Day2_2020\Day2_2020.csproj", "{89DA5495-A132-49A5-B618-FCA3F5283F45}"
EndProject
Project("{FAE04EC0-301F-11D3-BF4B-00C04F79EFBC}") = "Day3_2020", "Day3_2020\Day3_2020.csproj", "{881495CF-1BA1-45FB-9D87-DDF068BF6B97}"
EndProject
Global
	GlobalSection(SolutionConfigurationPlatforms) = preSolution
		Debug|Any CPU = Debug|Any CPU
		Release|Any CPU = Release|Any CPU
	EndGlobalSection
	GlobalSection(ProjectConfigurationPlatforms) = postSolution
		{EB3399BA-3EA6-48F4-9EE5-8139C34A1D1A}.Debug|Any CPU.ActiveCfg = Debug|Any CPU
		{EB3399BA-3EA6-48F4-9EE5-8139C34A1D1A}.Debug|Any CPU.Build.0 = Debug|Any CPU
		{EB3399BA-3EA6-48F4-9EE5-8139C34A1D1A}.Release|Any CPU.ActiveCfg = Release|Any CPU
		{EB3399BA-3EA6-48F4-9EE5-8139C34A1D1A}.Release|Any CPU.Build.0 = Release|Any CPU
		{38A27E60-826A-46F8-86D8-C337C1254DEC}.Debug|Any CPU.ActiveCfg = Debug|Any CPU
		{38A27E60-826A-46F8-86D8-C337C1254DEC}.Debug|Any CPU.Build.0 = Debug|Any CPU
		{38A27E60-826A-46F8-86D8-C337C1254DEC}.Release|Any CPU.ActiveCfg = Release|Any CPU
		{38A27E60-826A-46F8-86D8-C337C1254DEC}.Release|Any CPU.Build.0 = Release|Any CPU
		{89DA5495-A132-49A5-B618-FCA3F5283F45}.Debug|Any CPU.ActiveCfg = Debug|Any CPU
		{89DA5495-A132-49A5-B618-FCA3F5283F45}.Debug|Any CPU.Build.0 = Debug|Any CPU
		{89DA5495-A132-49A5-B618-FCA3F5283F45}.Release|Any CPU.ActiveCfg = Release|Any CPU
		{89DA5495-A132-49A5-B618-FCA3F5283F45}.Release|Any CPU.Build.0 = Release|Any CPU
		{881495CF-1BA1-45FB-9D87-DDF068BF6B97}.Debug|Any CPU.ActiveCfg = Debug|Any CPU
		{881495CF-1BA1-45FB-9D87-DDF068BF6B97}.Debug|Any CPU.Build.0 = Debug|Any CPU
		{881495CF-1BA1-45FB-9D87-DDF068BF6B97}.Release|Any CPU.ActiveCfg = Release|Any CPU
		{881495CF-1BA1-45FB-9D87-DDF068BF6B97}.Release|Any CPU.Build.0 = Release|Any CPU
	EndGlobalSection
	GlobalSection(SolutionProperties) = preSolution
		HideSolutionNode = FALSE
	EndGlobalSection
	GlobalSection(ExtensibilityGlobals) = postSolution
		SolutionGuid = {67017A2A-A1DC-4311-920C-48EFC4F0CE73}
	EndGlobalSection
EndGlobal
