
Microsoft Visual Studio Solution File, Format Version 12.00
# Visual Studio 15
VisualStudioVersion = 15.0.28307.757
MinimumVisualStudioVersion = 10.0.40219.1
Project("{FAE04EC0-301F-11D3-BF4B-00C04F79EFBC}") = "Day1", "Day1.csproj", "{9DE87096-ABB3-41DC-B261-548E4F25DA56}"
EndProject
Project("{FAE04EC0-301F-11D3-BF4B-00C04F79EFBC}") = "UnitTestProject1", "..\UnitTestProject1\UnitTestProject1.csproj", "{2C472E8B-3378-4798-894A-F216DE5E2D86}"
EndProject
Project("{FAE04EC0-301F-11D3-BF4B-00C04F79EFBC}") = "Day2", "..\Day2\Day2.csproj", "{23595D29-567F-4975-A793-00EF3474685E}"
EndProject
Project("{FAE04EC0-301F-11D3-BF4B-00C04F79EFBC}") = "Day4", "..\Day4\Day4.csproj", "{278FB0EF-10C6-4663-AF98-F507EFB4778D}"
EndProject
Project("{FAE04EC0-301F-11D3-BF4B-00C04F79EFBC}") = "Day3", "..\Day3\Day3.csproj", "{FDAB6EFA-B40B-41DE-B442-FF2EEF9E892C}"
EndProject
Project("{FAE04EC0-301F-11D3-BF4B-00C04F79EFBC}") = "Day5", "..\Day5\Day5.csproj", "{09D292CD-DC06-4A2F-A45D-1C8A053E3B57}"
EndProject
Project("{FAE04EC0-301F-11D3-BF4B-00C04F79EFBC}") = "Day6", "Day6\Day6.csproj", "{C452DA0B-DE7F-4B9C-81C0-1F19E909BFF5}"
EndProject
Project("{FAE04EC0-301F-11D3-BF4B-00C04F79EFBC}") = "Day7", "..\Day7\Day7.csproj", "{9A0480DA-B184-4A57-9D75-5E80804C07CC}"
EndProject
Project("{FAE04EC0-301F-11D3-BF4B-00C04F79EFBC}") = "Day8", "..\Day8\Day8.csproj", "{59496F1F-6DB1-4BA8-9E7F-32F5C9D204CC}"
EndProject
Project("{FAE04EC0-301F-11D3-BF4B-00C04F79EFBC}") = "Day9", "..\Day9\Day9.csproj", "{E8B9F058-E09A-47C5-9B34-3821D3ACC391}"
EndProject
Project("{FAE04EC0-301F-11D3-BF4B-00C04F79EFBC}") = "Day10", "..\Day10\Day10.csproj", "{04A43A33-5FD8-495D-9F61-868B37E321B0}"
EndProject
Project("{FAE04EC0-301F-11D3-BF4B-00C04F79EFBC}") = "Day11", "..\Day11\Day11.csproj", "{C1B2FBA8-7694-4151-92A5-FD275BDC44C6}"
EndProject
Project("{FAE04EC0-301F-11D3-BF4B-00C04F79EFBC}") = "Day12", "..\Day12\Day12.csproj", "{B0140E8F-E7B9-44FA-B184-8D06039DF545}"
EndProject
Global
	GlobalSection(SolutionConfigurationPlatforms) = preSolution
		Debug|Any CPU = Debug|Any CPU
		Release|Any CPU = Release|Any CPU
	EndGlobalSection
	GlobalSection(ProjectConfigurationPlatforms) = postSolution
		{9DE87096-ABB3-41DC-B261-548E4F25DA56}.Debug|Any CPU.ActiveCfg = Debug|Any CPU
		{9DE87096-ABB3-41DC-B261-548E4F25DA56}.Debug|Any CPU.Build.0 = Debug|Any CPU
		{9DE87096-ABB3-41DC-B261-548E4F25DA56}.Release|Any CPU.ActiveCfg = Release|Any CPU
		{9DE87096-ABB3-41DC-B261-548E4F25DA56}.Release|Any CPU.Build.0 = Release|Any CPU
		{2C472E8B-3378-4798-894A-F216DE5E2D86}.Debug|Any CPU.ActiveCfg = Debug|Any CPU
		{2C472E8B-3378-4798-894A-F216DE5E2D86}.Debug|Any CPU.Build.0 = Debug|Any CPU
		{2C472E8B-3378-4798-894A-F216DE5E2D86}.Release|Any CPU.ActiveCfg = Release|Any CPU
		{2C472E8B-3378-4798-894A-F216DE5E2D86}.Release|Any CPU.Build.0 = Release|Any CPU
		{23595D29-567F-4975-A793-00EF3474685E}.Debug|Any CPU.ActiveCfg = Debug|Any CPU
		{23595D29-567F-4975-A793-00EF3474685E}.Debug|Any CPU.Build.0 = Debug|Any CPU
		{23595D29-567F-4975-A793-00EF3474685E}.Release|Any CPU.ActiveCfg = Release|Any CPU
		{23595D29-567F-4975-A793-00EF3474685E}.Release|Any CPU.Build.0 = Release|Any CPU
		{278FB0EF-10C6-4663-AF98-F507EFB4778D}.Debug|Any CPU.ActiveCfg = Debug|Any CPU
		{278FB0EF-10C6-4663-AF98-F507EFB4778D}.Debug|Any CPU.Build.0 = Debug|Any CPU
		{278FB0EF-10C6-4663-AF98-F507EFB4778D}.Release|Any CPU.ActiveCfg = Release|Any CPU
		{278FB0EF-10C6-4663-AF98-F507EFB4778D}.Release|Any CPU.Build.0 = Release|Any CPU
		{FDAB6EFA-B40B-41DE-B442-FF2EEF9E892C}.Debug|Any CPU.ActiveCfg = Debug|Any CPU
		{FDAB6EFA-B40B-41DE-B442-FF2EEF9E892C}.Debug|Any CPU.Build.0 = Debug|Any CPU
		{FDAB6EFA-B40B-41DE-B442-FF2EEF9E892C}.Release|Any CPU.ActiveCfg = Release|Any CPU
		{FDAB6EFA-B40B-41DE-B442-FF2EEF9E892C}.Release|Any CPU.Build.0 = Release|Any CPU
		{09D292CD-DC06-4A2F-A45D-1C8A053E3B57}.Debug|Any CPU.ActiveCfg = Debug|Any CPU
		{09D292CD-DC06-4A2F-A45D-1C8A053E3B57}.Debug|Any CPU.Build.0 = Debug|Any CPU
		{09D292CD-DC06-4A2F-A45D-1C8A053E3B57}.Release|Any CPU.ActiveCfg = Release|Any CPU
		{09D292CD-DC06-4A2F-A45D-1C8A053E3B57}.Release|Any CPU.Build.0 = Release|Any CPU
		{C452DA0B-DE7F-4B9C-81C0-1F19E909BFF5}.Debug|Any CPU.ActiveCfg = Debug|Any CPU
		{C452DA0B-DE7F-4B9C-81C0-1F19E909BFF5}.Debug|Any CPU.Build.0 = Debug|Any CPU
		{C452DA0B-DE7F-4B9C-81C0-1F19E909BFF5}.Release|Any CPU.ActiveCfg = Release|Any CPU
		{C452DA0B-DE7F-4B9C-81C0-1F19E909BFF5}.Release|Any CPU.Build.0 = Release|Any CPU
		{9A0480DA-B184-4A57-9D75-5E80804C07CC}.Debug|Any CPU.ActiveCfg = Debug|Any CPU
		{9A0480DA-B184-4A57-9D75-5E80804C07CC}.Debug|Any CPU.Build.0 = Debug|Any CPU
		{9A0480DA-B184-4A57-9D75-5E80804C07CC}.Release|Any CPU.ActiveCfg = Release|Any CPU
		{9A0480DA-B184-4A57-9D75-5E80804C07CC}.Release|Any CPU.Build.0 = Release|Any CPU
		{59496F1F-6DB1-4BA8-9E7F-32F5C9D204CC}.Debug|Any CPU.ActiveCfg = Debug|Any CPU
		{59496F1F-6DB1-4BA8-9E7F-32F5C9D204CC}.Debug|Any CPU.Build.0 = Debug|Any CPU
		{59496F1F-6DB1-4BA8-9E7F-32F5C9D204CC}.Release|Any CPU.ActiveCfg = Release|Any CPU
		{59496F1F-6DB1-4BA8-9E7F-32F5C9D204CC}.Release|Any CPU.Build.0 = Release|Any CPU
		{E8B9F058-E09A-47C5-9B34-3821D3ACC391}.Debug|Any CPU.ActiveCfg = Debug|Any CPU
		{E8B9F058-E09A-47C5-9B34-3821D3ACC391}.Debug|Any CPU.Build.0 = Debug|Any CPU
		{E8B9F058-E09A-47C5-9B34-3821D3ACC391}.Release|Any CPU.ActiveCfg = Release|Any CPU
		{E8B9F058-E09A-47C5-9B34-3821D3ACC391}.Release|Any CPU.Build.0 = Release|Any CPU
		{04A43A33-5FD8-495D-9F61-868B37E321B0}.Debug|Any CPU.ActiveCfg = Debug|Any CPU
		{04A43A33-5FD8-495D-9F61-868B37E321B0}.Debug|Any CPU.Build.0 = Debug|Any CPU
		{04A43A33-5FD8-495D-9F61-868B37E321B0}.Release|Any CPU.ActiveCfg = Release|Any CPU
		{04A43A33-5FD8-495D-9F61-868B37E321B0}.Release|Any CPU.Build.0 = Release|Any CPU
		{C1B2FBA8-7694-4151-92A5-FD275BDC44C6}.Debug|Any CPU.ActiveCfg = Debug|Any CPU
		{C1B2FBA8-7694-4151-92A5-FD275BDC44C6}.Debug|Any CPU.Build.0 = Debug|Any CPU
		{C1B2FBA8-7694-4151-92A5-FD275BDC44C6}.Release|Any CPU.ActiveCfg = Release|Any CPU
		{C1B2FBA8-7694-4151-92A5-FD275BDC44C6}.Release|Any CPU.Build.0 = Release|Any CPU
		{B0140E8F-E7B9-44FA-B184-8D06039DF545}.Debug|Any CPU.ActiveCfg = Debug|Any CPU
		{B0140E8F-E7B9-44FA-B184-8D06039DF545}.Debug|Any CPU.Build.0 = Debug|Any CPU
		{B0140E8F-E7B9-44FA-B184-8D06039DF545}.Release|Any CPU.ActiveCfg = Release|Any CPU
		{B0140E8F-E7B9-44FA-B184-8D06039DF545}.Release|Any CPU.Build.0 = Release|Any CPU
	EndGlobalSection
	GlobalSection(SolutionProperties) = preSolution
		HideSolutionNode = FALSE
	EndGlobalSection
	GlobalSection(ExtensibilityGlobals) = postSolution
		SolutionGuid = {4746B732-858B-4D31-B466-5F77DD0339DB}
	EndGlobalSection
EndGlobal
